
Microsoft Visual Studio Solution File, Format Version 12.00
# Visual Studio Version 16
VisualStudioVersion = 16.0.31624.102
MinimumVisualStudioVersion = 10.0.40219.1
Project("{FAE04EC0-301F-11D3-BF4B-00C04F79EFBC}") = "Calculo Fechas Calendario", "Calculo Fechas Calendario.csproj", "{377AAE63-CCBE-44D1-8334-DD9320627151}"
EndProject
Global
	GlobalSection(SolutionConfigurationPlatforms) = preSolution
		Debug|Any CPU = Debug|Any CPU
		Release|Any CPU = Release|Any CPU
	EndGlobalSection
	GlobalSection(ProjectConfigurationPlatforms) = postSolution
		{377AAE63-CCBE-44D1-8334-DD9320627151}.Debug|Any CPU.ActiveCfg = Debug|Any CPU
		{377AAE63-CCBE-44D1-8334-DD9320627151}.Debug|Any CPU.Build.0 = Debug|Any CPU
		{377AAE63-CCBE-44D1-8334-DD9320627151}.Release|Any CPU.ActiveCfg = Release|Any CPU
		{377AAE63-CCBE-44D1-8334-DD9320627151}.Release|Any CPU.Build.0 = Release|Any CPU
	EndGlobalSection
	GlobalSection(SolutionProperties) = preSolution
		HideSolutionNode = FALSE
	EndGlobalSection
	GlobalSection(ExtensibilityGlobals) = postSolution
		SolutionGuid = {815B2090-079E-4321-906B-CF16F131CE4D}
	EndGlobalSection
EndGlobal
